
Microsoft Visual Studio Solution File, Format Version 12.00
# Visual Studio 15
VisualStudioVersion = 15.0.28307.1231
MinimumVisualStudioVersion = 10.0.40219.1
Project("{FAE04EC0-301F-11D3-BF4B-00C04F79EFBC}") = "CoreWebProject", "CoreWebProject\CoreWebProject.csproj", "{78CAAE31-EA5E-4CF0-AEF1-3B291C492E29}"
EndProject
Project("{FAE04EC0-301F-11D3-BF4B-00C04F79EFBC}") = "CoreWebProjectEntities", "CoreWebProjectEntities\CoreWebProjectEntities.csproj", "{104B747C-E605-41C8-8E70-01C053DF9185}"
EndProject
Project("{FAE04EC0-301F-11D3-BF4B-00C04F79EFBC}") = "CoreWebProjectContext", "CoreWebProjectContext\CoreWebProjectContext.csproj", "{3AAE4E20-E3D6-4D62-9F41-794B1FD22E4B}"
EndProject
Global
	GlobalSection(SolutionConfigurationPlatforms) = preSolution
		Debug|Any CPU = Debug|Any CPU
		Release|Any CPU = Release|Any CPU
	EndGlobalSection
	GlobalSection(ProjectConfigurationPlatforms) = postSolution
		{78CAAE31-EA5E-4CF0-AEF1-3B291C492E29}.Debug|Any CPU.ActiveCfg = Debug|Any CPU
		{78CAAE31-EA5E-4CF0-AEF1-3B291C492E29}.Debug|Any CPU.Build.0 = Debug|Any CPU
		{78CAAE31-EA5E-4CF0-AEF1-3B291C492E29}.Release|Any CPU.ActiveCfg = Release|Any CPU
		{78CAAE31-EA5E-4CF0-AEF1-3B291C492E29}.Release|Any CPU.Build.0 = Release|Any CPU
		{104B747C-E605-41C8-8E70-01C053DF9185}.Debug|Any CPU.ActiveCfg = Debug|Any CPU
		{104B747C-E605-41C8-8E70-01C053DF9185}.Debug|Any CPU.Build.0 = Debug|Any CPU
		{104B747C-E605-41C8-8E70-01C053DF9185}.Release|Any CPU.ActiveCfg = Release|Any CPU
		{104B747C-E605-41C8-8E70-01C053DF9185}.Release|Any CPU.Build.0 = Release|Any CPU
		{3AAE4E20-E3D6-4D62-9F41-794B1FD22E4B}.Debug|Any CPU.ActiveCfg = Debug|Any CPU
		{3AAE4E20-E3D6-4D62-9F41-794B1FD22E4B}.Debug|Any CPU.Build.0 = Debug|Any CPU
		{3AAE4E20-E3D6-4D62-9F41-794B1FD22E4B}.Release|Any CPU.ActiveCfg = Release|Any CPU
		{3AAE4E20-E3D6-4D62-9F41-794B1FD22E4B}.Release|Any CPU.Build.0 = Release|Any CPU
	EndGlobalSection
	GlobalSection(SolutionProperties) = preSolution
		HideSolutionNode = FALSE
	EndGlobalSection
	GlobalSection(ExtensibilityGlobals) = postSolution
		SolutionGuid = {226157EB-2210-4D50-85EB-50C7F204976F}
	EndGlobalSection
EndGlobal
